
Microsoft Visual Studio Solution File, Format Version 12.00
# Visual Studio 14
VisualStudioVersion = 14.0.25420.1
MinimumVisualStudioVersion = 10.0.40219.1
Project("{8BB2217D-0F2D-49D1-97BC-3654ED321F3B}") = "Kronos.Client", "Src\Kronos.Client\Kronos.Client.xproj", "{1F0FE4FC-EA2F-4CB3-9509-BF98D53ACFEA}"
EndProject
Project("{8BB2217D-0F2D-49D1-97BC-3654ED321F3B}") = "Kronos.Server", "Src\Kronos.Server\Kronos.Server.xproj", "{5CD560DC-9E67-464D-9E56-B0E5914AFAE6}"
EndProject
Project("{8BB2217D-0F2D-49D1-97BC-3654ED321F3B}") = "Kronos.Core", "Src\Kronos.Core\Kronos.Core.xproj", "{125D4674-A403-45BF-A42C-EBD016A78650}"
EndProject
Project("{2150E333-8FDC-42A3-9474-1A3956D46DE8}") = "Tests", "Tests", "{6A45CC5D-C17F-4F32-AD54-B585E1747D43}"
EndProject
Project("{8BB2217D-0F2D-49D1-97BC-3654ED321F3B}") = "Kronos.Core.Tests", "Tests\Kronos.Core.Tests\Kronos.Core.Tests.xproj", "{67E85EA7-31DE-468C-B620-A8B9477818B5}"
EndProject
Project("{2150E333-8FDC-42A3-9474-1A3956D46DE8}") = "Solution Items", "Solution Items", "{A22FEF3F-1A32-44DE-9468-A9121C4BD64B}"
	ProjectSection(SolutionItems) = preProject
		global.json = global.json
	EndProjectSection
EndProject
Project("{8BB2217D-0F2D-49D1-97BC-3654ED321F3B}") = "Kronos.Client.Tests", "Tests\Kronos.Client.Tests\Kronos.Client.Tests.xproj", "{960ACF5A-ED8A-4B44-B6AA-90BFB3BD7CF2}"
EndProject
Project("{8BB2217D-0F2D-49D1-97BC-3654ED321F3B}") = "Kronos.Server.Tests", "Tests\Kronos.Server.Tests\Kronos.Server.Tests.xproj", "{275C87FA-03BC-48A5-A7CE-499738E85BA8}"
EndProject
Project("{2150E333-8FDC-42A3-9474-1A3956D46DE8}") = "Sample", "Sample", "{DD99F77D-5451-4051-8F71-432877ACFFB0}"
EndProject
Project("{8BB2217D-0F2D-49D1-97BC-3654ED321F3B}") = "ClientSample", "Sample\ClientSample\ClientSample.xproj", "{217AD1C3-650E-48A7-BF44-95C395EAF167}"
EndProject
Project("{8BB2217D-0F2D-49D1-97BC-3654ED321F3B}") = "Kronos.AcceptanceTest", "Tests\Kronos.AcceptanceTest\Kronos.AcceptanceTest.xproj", "{DA5DE27A-C4F5-4AF9-9DB1-BF2049317AEE}"
EndProject
Global
	GlobalSection(SolutionConfigurationPlatforms) = preSolution
		Debug|Any CPU = Debug|Any CPU
		Release|Any CPU = Release|Any CPU
	EndGlobalSection
	GlobalSection(ProjectConfigurationPlatforms) = postSolution
		{1F0FE4FC-EA2F-4CB3-9509-BF98D53ACFEA}.Debug|Any CPU.ActiveCfg = Debug|Any CPU
		{1F0FE4FC-EA2F-4CB3-9509-BF98D53ACFEA}.Debug|Any CPU.Build.0 = Debug|Any CPU
		{1F0FE4FC-EA2F-4CB3-9509-BF98D53ACFEA}.Release|Any CPU.ActiveCfg = Release|Any CPU
		{1F0FE4FC-EA2F-4CB3-9509-BF98D53ACFEA}.Release|Any CPU.Build.0 = Release|Any CPU
		{5CD560DC-9E67-464D-9E56-B0E5914AFAE6}.Debug|Any CPU.ActiveCfg = Debug|Any CPU
		{5CD560DC-9E67-464D-9E56-B0E5914AFAE6}.Debug|Any CPU.Build.0 = Debug|Any CPU
		{5CD560DC-9E67-464D-9E56-B0E5914AFAE6}.Release|Any CPU.ActiveCfg = Release|Any CPU
		{5CD560DC-9E67-464D-9E56-B0E5914AFAE6}.Release|Any CPU.Build.0 = Release|Any CPU
		{125D4674-A403-45BF-A42C-EBD016A78650}.Debug|Any CPU.ActiveCfg = Debug|Any CPU
		{125D4674-A403-45BF-A42C-EBD016A78650}.Debug|Any CPU.Build.0 = Debug|Any CPU
		{125D4674-A403-45BF-A42C-EBD016A78650}.Release|Any CPU.ActiveCfg = Release|Any CPU
		{125D4674-A403-45BF-A42C-EBD016A78650}.Release|Any CPU.Build.0 = Release|Any CPU
		{67E85EA7-31DE-468C-B620-A8B9477818B5}.Debug|Any CPU.ActiveCfg = Debug|Any CPU
		{67E85EA7-31DE-468C-B620-A8B9477818B5}.Debug|Any CPU.Build.0 = Debug|Any CPU
		{67E85EA7-31DE-468C-B620-A8B9477818B5}.Release|Any CPU.ActiveCfg = Release|Any CPU
		{67E85EA7-31DE-468C-B620-A8B9477818B5}.Release|Any CPU.Build.0 = Release|Any CPU
		{960ACF5A-ED8A-4B44-B6AA-90BFB3BD7CF2}.Debug|Any CPU.ActiveCfg = Debug|Any CPU
		{960ACF5A-ED8A-4B44-B6AA-90BFB3BD7CF2}.Debug|Any CPU.Build.0 = Debug|Any CPU
		{960ACF5A-ED8A-4B44-B6AA-90BFB3BD7CF2}.Release|Any CPU.ActiveCfg = Release|Any CPU
		{960ACF5A-ED8A-4B44-B6AA-90BFB3BD7CF2}.Release|Any CPU.Build.0 = Release|Any CPU
		{275C87FA-03BC-48A5-A7CE-499738E85BA8}.Debug|Any CPU.ActiveCfg = Debug|Any CPU
		{275C87FA-03BC-48A5-A7CE-499738E85BA8}.Debug|Any CPU.Build.0 = Debug|Any CPU
		{275C87FA-03BC-48A5-A7CE-499738E85BA8}.Release|Any CPU.ActiveCfg = Release|Any CPU
		{275C87FA-03BC-48A5-A7CE-499738E85BA8}.Release|Any CPU.Build.0 = Release|Any CPU
		{217AD1C3-650E-48A7-BF44-95C395EAF167}.Debug|Any CPU.ActiveCfg = Debug|Any CPU
		{217AD1C3-650E-48A7-BF44-95C395EAF167}.Debug|Any CPU.Build.0 = Debug|Any CPU
		{217AD1C3-650E-48A7-BF44-95C395EAF167}.Release|Any CPU.ActiveCfg = Release|Any CPU
		{217AD1C3-650E-48A7-BF44-95C395EAF167}.Release|Any CPU.Build.0 = Release|Any CPU
		{DA5DE27A-C4F5-4AF9-9DB1-BF2049317AEE}.Debug|Any CPU.ActiveCfg = Debug|Any CPU
		{DA5DE27A-C4F5-4AF9-9DB1-BF2049317AEE}.Debug|Any CPU.Build.0 = Debug|Any CPU
		{DA5DE27A-C4F5-4AF9-9DB1-BF2049317AEE}.Release|Any CPU.ActiveCfg = Release|Any CPU
		{DA5DE27A-C4F5-4AF9-9DB1-BF2049317AEE}.Release|Any CPU.Build.0 = Release|Any CPU
	EndGlobalSection
	GlobalSection(SolutionProperties) = preSolution
		HideSolutionNode = FALSE
	EndGlobalSection
	GlobalSection(NestedProjects) = preSolution
		{67E85EA7-31DE-468C-B620-A8B9477818B5} = {6A45CC5D-C17F-4F32-AD54-B585E1747D43}
		{960ACF5A-ED8A-4B44-B6AA-90BFB3BD7CF2} = {6A45CC5D-C17F-4F32-AD54-B585E1747D43}
		{275C87FA-03BC-48A5-A7CE-499738E85BA8} = {6A45CC5D-C17F-4F32-AD54-B585E1747D43}
		{217AD1C3-650E-48A7-BF44-95C395EAF167} = {DD99F77D-5451-4051-8F71-432877ACFFB0}
		{DA5DE27A-C4F5-4AF9-9DB1-BF2049317AEE} = {6A45CC5D-C17F-4F32-AD54-B585E1747D43}
	EndGlobalSection
EndGlobal
