Microsoft Visual Studio Solution File, Format Version 12.00
# Visual Studio 15
VisualStudioVersion = 15.0.27130.2027
MinimumVisualStudioVersion = 10.0.40219.1
Project("{9A19103F-16F7-4668-BE54-9A1E7A4F7556}") = "Kronos.Client", "Src\Kronos.Client\Kronos.Client.csproj", "{1F0FE4FC-EA2F-4CB3-9509-BF98D53ACFEA}"
EndProject
Project("{9A19103F-16F7-4668-BE54-9A1E7A4F7556}") = "Kronos.Server", "Src\Kronos.Server\Kronos.Server.csproj", "{5CD560DC-9E67-464D-9E56-B0E5914AFAE6}"
EndProject
Project("{9A19103F-16F7-4668-BE54-9A1E7A4F7556}") = "Kronos.Core", "Src\Kronos.Core\Kronos.Core.csproj", "{125D4674-A403-45BF-A42C-EBD016A78650}"
EndProject
Project("{2150E333-8FDC-42A3-9474-1A3956D46DE8}") = "Tests", "Tests", "{6A45CC5D-C17F-4F32-AD54-B585E1747D43}"
EndProject
Project("{9A19103F-16F7-4668-BE54-9A1E7A4F7556}") = "Kronos.Core.Tests", "Tests\Kronos.Core.Tests\Kronos.Core.Tests.csproj", "{67E85EA7-31DE-468C-B620-A8B9477818B5}"
EndProject
Project("{9A19103F-16F7-4668-BE54-9A1E7A4F7556}") = "Kronos.Client.Tests", "Tests\Kronos.Client.Tests\Kronos.Client.Tests.csproj", "{960ACF5A-ED8A-4B44-B6AA-90BFB3BD7CF2}"
EndProject
Project("{9A19103F-16F7-4668-BE54-9A1E7A4F7556}") = "Kronos.Server.Tests", "Tests\Kronos.Server.Tests\Kronos.Server.Tests.csproj", "{275C87FA-03BC-48A5-A7CE-499738E85BA8}"
EndProject
Project("{2150E333-8FDC-42A3-9474-1A3956D46DE8}") = "Sample", "Sample", "{DD99F77D-5451-4051-8F71-432877ACFFB0}"
EndProject
Project("{9A19103F-16F7-4668-BE54-9A1E7A4F7556}") = "ClientSample", "Sample\ClientSample\ClientSample.csproj", "{217AD1C3-650E-48A7-BF44-95C395EAF167}"
EndProject
Project("{9A19103F-16F7-4668-BE54-9A1E7A4F7556}") = "Kronos.AcceptanceTest", "Tests\Kronos.AcceptanceTest\Kronos.AcceptanceTest.csproj", "{DA5DE27A-C4F5-4AF9-9DB1-BF2049317AEE}"
EndProject
Project("{9A19103F-16F7-4668-BE54-9A1E7A4F7556}") = "Benchmark", "Benchmark\Benchmark.csproj", "{315089CB-0ECC-4856-8FDC-F98BDCBEAF6B}"
EndProject
Project("{2150E333-8FDC-42A3-9474-1A3956D46DE8}") = "Build", "Build", "{6E440BB7-B9BD-44DA-B215-FD20A11880EF}"
	ProjectSection(SolutionItems) = preProject
		.travis.yml = .travis.yml
		appveyor.yml = appveyor.yml
		Scripts\Windows\build.ps1 = Scripts\Windows\build.ps1
		Scripts\Linux\build.sh = Scripts\Linux\build.sh
		Dockerfile = Dockerfile
		Scripts\Windows\pack.ps1 = Scripts\Windows\pack.ps1
		README.md = README.md
		Scripts\Windows\runTests.ps1 = Scripts\Windows\runTests.ps1
		Scripts\Linux\runTests.sh = Scripts\Linux\runTests.sh
	EndProjectSection
EndProject
Global
	GlobalSection(SolutionConfigurationPlatforms) = preSolution
		Debug|Any CPU = Debug|Any CPU
		Debug|x64 = Debug|x64
		Debug|x86 = Debug|x86
		Release|Any CPU = Release|Any CPU
		Release|x64 = Release|x64
		Release|x86 = Release|x86
	EndGlobalSection
	GlobalSection(ProjectConfigurationPlatforms) = postSolution
		{1F0FE4FC-EA2F-4CB3-9509-BF98D53ACFEA}.Debug|Any CPU.ActiveCfg = Debug|Any CPU
		{1F0FE4FC-EA2F-4CB3-9509-BF98D53ACFEA}.Debug|Any CPU.Build.0 = Debug|Any CPU
		{1F0FE4FC-EA2F-4CB3-9509-BF98D53ACFEA}.Debug|x64.ActiveCfg = Debug|Any CPU
		{1F0FE4FC-EA2F-4CB3-9509-BF98D53ACFEA}.Debug|x86.ActiveCfg = Debug|Any CPU
		{1F0FE4FC-EA2F-4CB3-9509-BF98D53ACFEA}.Release|Any CPU.ActiveCfg = Release|Any CPU
		{1F0FE4FC-EA2F-4CB3-9509-BF98D53ACFEA}.Release|Any CPU.Build.0 = Release|Any CPU
		{1F0FE4FC-EA2F-4CB3-9509-BF98D53ACFEA}.Release|x64.ActiveCfg = Release|Any CPU
		{1F0FE4FC-EA2F-4CB3-9509-BF98D53ACFEA}.Release|x86.ActiveCfg = Release|Any CPU
		{5CD560DC-9E67-464D-9E56-B0E5914AFAE6}.Debug|Any CPU.ActiveCfg = Debug|Any CPU
		{5CD560DC-9E67-464D-9E56-B0E5914AFAE6}.Debug|Any CPU.Build.0 = Debug|Any CPU
		{5CD560DC-9E67-464D-9E56-B0E5914AFAE6}.Debug|x64.ActiveCfg = Debug|Any CPU
		{5CD560DC-9E67-464D-9E56-B0E5914AFAE6}.Debug|x86.ActiveCfg = Debug|Any CPU
		{5CD560DC-9E67-464D-9E56-B0E5914AFAE6}.Release|Any CPU.ActiveCfg = Release|Any CPU
		{5CD560DC-9E67-464D-9E56-B0E5914AFAE6}.Release|Any CPU.Build.0 = Release|Any CPU
		{5CD560DC-9E67-464D-9E56-B0E5914AFAE6}.Release|x64.ActiveCfg = Release|Any CPU
		{5CD560DC-9E67-464D-9E56-B0E5914AFAE6}.Release|x86.ActiveCfg = Release|Any CPU
		{125D4674-A403-45BF-A42C-EBD016A78650}.Debug|Any CPU.ActiveCfg = Debug|Any CPU
		{125D4674-A403-45BF-A42C-EBD016A78650}.Debug|Any CPU.Build.0 = Debug|Any CPU
		{125D4674-A403-45BF-A42C-EBD016A78650}.Debug|x64.ActiveCfg = Debug|Any CPU
		{125D4674-A403-45BF-A42C-EBD016A78650}.Debug|x86.ActiveCfg = Debug|Any CPU
		{125D4674-A403-45BF-A42C-EBD016A78650}.Release|Any CPU.ActiveCfg = Release|Any CPU
		{125D4674-A403-45BF-A42C-EBD016A78650}.Release|Any CPU.Build.0 = Release|Any CPU
		{125D4674-A403-45BF-A42C-EBD016A78650}.Release|x64.ActiveCfg = Release|Any CPU
		{125D4674-A403-45BF-A42C-EBD016A78650}.Release|x86.ActiveCfg = Release|Any CPU
		{67E85EA7-31DE-468C-B620-A8B9477818B5}.Debug|Any CPU.ActiveCfg = Debug|Any CPU
		{67E85EA7-31DE-468C-B620-A8B9477818B5}.Debug|Any CPU.Build.0 = Debug|Any CPU
		{67E85EA7-31DE-468C-B620-A8B9477818B5}.Debug|x64.ActiveCfg = Debug|Any CPU
		{67E85EA7-31DE-468C-B620-A8B9477818B5}.Debug|x86.ActiveCfg = Debug|Any CPU
		{67E85EA7-31DE-468C-B620-A8B9477818B5}.Release|Any CPU.ActiveCfg = Release|Any CPU
		{67E85EA7-31DE-468C-B620-A8B9477818B5}.Release|Any CPU.Build.0 = Release|Any CPU
		{67E85EA7-31DE-468C-B620-A8B9477818B5}.Release|x64.ActiveCfg = Release|Any CPU
		{67E85EA7-31DE-468C-B620-A8B9477818B5}.Release|x86.ActiveCfg = Release|Any CPU
		{960ACF5A-ED8A-4B44-B6AA-90BFB3BD7CF2}.Debug|Any CPU.ActiveCfg = Debug|Any CPU
		{960ACF5A-ED8A-4B44-B6AA-90BFB3BD7CF2}.Debug|Any CPU.Build.0 = Debug|Any CPU
		{960ACF5A-ED8A-4B44-B6AA-90BFB3BD7CF2}.Debug|x64.ActiveCfg = Debug|Any CPU
		{960ACF5A-ED8A-4B44-B6AA-90BFB3BD7CF2}.Debug|x86.ActiveCfg = Debug|Any CPU
		{960ACF5A-ED8A-4B44-B6AA-90BFB3BD7CF2}.Release|Any CPU.ActiveCfg = Release|Any CPU
		{960ACF5A-ED8A-4B44-B6AA-90BFB3BD7CF2}.Release|Any CPU.Build.0 = Release|Any CPU
		{960ACF5A-ED8A-4B44-B6AA-90BFB3BD7CF2}.Release|x64.ActiveCfg = Release|Any CPU
		{960ACF5A-ED8A-4B44-B6AA-90BFB3BD7CF2}.Release|x86.ActiveCfg = Release|Any CPU
		{275C87FA-03BC-48A5-A7CE-499738E85BA8}.Debug|Any CPU.ActiveCfg = Debug|Any CPU
		{275C87FA-03BC-48A5-A7CE-499738E85BA8}.Debug|Any CPU.Build.0 = Debug|Any CPU
		{275C87FA-03BC-48A5-A7CE-499738E85BA8}.Debug|x64.ActiveCfg = Debug|Any CPU
		{275C87FA-03BC-48A5-A7CE-499738E85BA8}.Debug|x86.ActiveCfg = Debug|Any CPU
		{275C87FA-03BC-48A5-A7CE-499738E85BA8}.Release|Any CPU.ActiveCfg = Release|Any CPU
		{275C87FA-03BC-48A5-A7CE-499738E85BA8}.Release|Any CPU.Build.0 = Release|Any CPU
		{275C87FA-03BC-48A5-A7CE-499738E85BA8}.Release|x64.ActiveCfg = Release|Any CPU
		{275C87FA-03BC-48A5-A7CE-499738E85BA8}.Release|x86.ActiveCfg = Release|Any CPU
		{217AD1C3-650E-48A7-BF44-95C395EAF167}.Debug|Any CPU.ActiveCfg = Debug|Any CPU
		{217AD1C3-650E-48A7-BF44-95C395EAF167}.Debug|Any CPU.Build.0 = Debug|Any CPU
		{217AD1C3-650E-48A7-BF44-95C395EAF167}.Debug|x64.ActiveCfg = Debug|Any CPU
		{217AD1C3-650E-48A7-BF44-95C395EAF167}.Debug|x86.ActiveCfg = Debug|Any CPU
		{217AD1C3-650E-48A7-BF44-95C395EAF167}.Release|Any CPU.ActiveCfg = Release|Any CPU
		{217AD1C3-650E-48A7-BF44-95C395EAF167}.Release|Any CPU.Build.0 = Release|Any CPU
		{217AD1C3-650E-48A7-BF44-95C395EAF167}.Release|x64.ActiveCfg = Release|Any CPU
		{217AD1C3-650E-48A7-BF44-95C395EAF167}.Release|x86.ActiveCfg = Release|Any CPU
		{DA5DE27A-C4F5-4AF9-9DB1-BF2049317AEE}.Debug|Any CPU.ActiveCfg = Debug|Any CPU
		{DA5DE27A-C4F5-4AF9-9DB1-BF2049317AEE}.Debug|Any CPU.Build.0 = Debug|Any CPU
		{DA5DE27A-C4F5-4AF9-9DB1-BF2049317AEE}.Debug|x64.ActiveCfg = Debug|Any CPU
		{DA5DE27A-C4F5-4AF9-9DB1-BF2049317AEE}.Debug|x86.ActiveCfg = Debug|Any CPU
		{DA5DE27A-C4F5-4AF9-9DB1-BF2049317AEE}.Release|Any CPU.ActiveCfg = Release|Any CPU
		{DA5DE27A-C4F5-4AF9-9DB1-BF2049317AEE}.Release|Any CPU.Build.0 = Release|Any CPU
		{DA5DE27A-C4F5-4AF9-9DB1-BF2049317AEE}.Release|x64.ActiveCfg = Release|Any CPU
		{DA5DE27A-C4F5-4AF9-9DB1-BF2049317AEE}.Release|x86.ActiveCfg = Release|Any CPU
		{315089CB-0ECC-4856-8FDC-F98BDCBEAF6B}.Debug|Any CPU.ActiveCfg = Debug|Any CPU
		{315089CB-0ECC-4856-8FDC-F98BDCBEAF6B}.Debug|Any CPU.Build.0 = Debug|Any CPU
		{315089CB-0ECC-4856-8FDC-F98BDCBEAF6B}.Debug|x64.ActiveCfg = Debug|Any CPU
		{315089CB-0ECC-4856-8FDC-F98BDCBEAF6B}.Debug|x86.ActiveCfg = Debug|Any CPU
		{315089CB-0ECC-4856-8FDC-F98BDCBEAF6B}.Release|Any CPU.ActiveCfg = Release|Any CPU
		{315089CB-0ECC-4856-8FDC-F98BDCBEAF6B}.Release|Any CPU.Build.0 = Release|Any CPU
		{315089CB-0ECC-4856-8FDC-F98BDCBEAF6B}.Release|x64.ActiveCfg = Release|Any CPU
		{315089CB-0ECC-4856-8FDC-F98BDCBEAF6B}.Release|x86.ActiveCfg = Release|Any CPU
	EndGlobalSection
	GlobalSection(SolutionProperties) = preSolution
		HideSolutionNode = FALSE
	EndGlobalSection
	GlobalSection(NestedProjects) = preSolution
		{67E85EA7-31DE-468C-B620-A8B9477818B5} = {6A45CC5D-C17F-4F32-AD54-B585E1747D43}
		{960ACF5A-ED8A-4B44-B6AA-90BFB3BD7CF2} = {6A45CC5D-C17F-4F32-AD54-B585E1747D43}
		{275C87FA-03BC-48A5-A7CE-499738E85BA8} = {6A45CC5D-C17F-4F32-AD54-B585E1747D43}
		{217AD1C3-650E-48A7-BF44-95C395EAF167} = {DD99F77D-5451-4051-8F71-432877ACFFB0}
		{DA5DE27A-C4F5-4AF9-9DB1-BF2049317AEE} = {6A45CC5D-C17F-4F32-AD54-B585E1747D43}
	EndGlobalSection
	GlobalSection(ExtensibilityGlobals) = postSolution
		SolutionGuid = {F4981E1B-580F-4E99-9408-DA16AE972D73}
	EndGlobalSection
EndGlobal
