
Microsoft Visual Studio Solution File, Format Version 12.00
# Visual Studio 15
VisualStudioVersion = 15.0.26014.0
MinimumVisualStudioVersion = 10.0.40219.1
Project("{2150E333-8FDC-42A3-9474-1A3956D46DE8}") = "Tests", "Tests", "{6A45CC5D-C17F-4F32-AD54-B585E1747D43}"
EndProject
Project("{9A19103F-16F7-4668-BE54-9A1E7A4F7556}") = "Kronos.Client", "Src\Kronos.Client\Kronos.Client.csproj", "{1F0FE4FC-EA2F-4CB3-9509-BF98D53ACFEA}"
EndProject
Project("{9A19103F-16F7-4668-BE54-9A1E7A4F7556}") = "Kronos.Server", "Src\Kronos.Server\Kronos.Server.csproj", "{5CD560DC-9E67-464D-9E56-B0E5914AFAE6}"
EndProject
Project("{9A19103F-16F7-4668-BE54-9A1E7A4F7556}") = "Kronos.Core", "Src\Kronos.Core\Kronos.Core.csproj", "{125D4674-A403-45BF-A42C-EBD016A78650}"
EndProject
Project("{9A19103F-16F7-4668-BE54-9A1E7A4F7556}") = "Kronos.AcceptanceTest", "Tests\Kronos.AcceptanceTest\Kronos.AcceptanceTest.csproj", "{0AE5B24F-51A8-43C5-A8CB-76EE0C5A0DAA}"
EndProject
Project("{9A19103F-16F7-4668-BE54-9A1E7A4F7556}") = "Kronos.Client.Tests", "Tests\Kronos.Client.Tests\Kronos.Client.Tests.csproj", "{2BE52F5F-A467-4C59-96B3-4779DD6407D7}"
EndProject
Project("{9A19103F-16F7-4668-BE54-9A1E7A4F7556}") = "Kronos.Core.Tests", "Tests\Kronos.Core.Tests\Kronos.Core.Tests.csproj", "{55499496-529B-4BF8-BAE1-31EF46C55ADB}"
EndProject
Project("{9A19103F-16F7-4668-BE54-9A1E7A4F7556}") = "Kronos.Server.Tests", "Tests\Kronos.Server.Tests\Kronos.Server.Tests.csproj", "{8792CC4A-F274-4816-B2AC-8A5DBD4E50A0}"
EndProject
Project("{9A19103F-16F7-4668-BE54-9A1E7A4F7556}") = "Benchmark", "Benchmark\Benchmark.csproj", "{5A4AEF90-CC90-4ED2-A435-99C86484666F}"
EndProject
Project("{9A19103F-16F7-4668-BE54-9A1E7A4F7556}") = "ClientSample", "Sample\ClientSample.csproj", "{7146B9A9-0E4B-4B02-8A55-E79747FEC8A4}"
EndProject
Global
	GlobalSection(SolutionConfigurationPlatforms) = preSolution
		Debug|Any CPU = Debug|Any CPU
		Debug|x64 = Debug|x64
		Debug|x86 = Debug|x86
		Release|Any CPU = Release|Any CPU
		Release|x64 = Release|x64
		Release|x86 = Release|x86
	EndGlobalSection
	GlobalSection(ProjectConfigurationPlatforms) = postSolution
		{1F0FE4FC-EA2F-4CB3-9509-BF98D53ACFEA}.Debug|Any CPU.ActiveCfg = Debug|Any CPU
		{1F0FE4FC-EA2F-4CB3-9509-BF98D53ACFEA}.Debug|Any CPU.Build.0 = Debug|Any CPU
		{1F0FE4FC-EA2F-4CB3-9509-BF98D53ACFEA}.Debug|x64.ActiveCfg = Debug|x64
		{1F0FE4FC-EA2F-4CB3-9509-BF98D53ACFEA}.Debug|x64.Build.0 = Debug|x64
		{1F0FE4FC-EA2F-4CB3-9509-BF98D53ACFEA}.Debug|x86.ActiveCfg = Debug|x86
		{1F0FE4FC-EA2F-4CB3-9509-BF98D53ACFEA}.Debug|x86.Build.0 = Debug|x86
		{1F0FE4FC-EA2F-4CB3-9509-BF98D53ACFEA}.Release|Any CPU.ActiveCfg = Release|Any CPU
		{1F0FE4FC-EA2F-4CB3-9509-BF98D53ACFEA}.Release|Any CPU.Build.0 = Release|Any CPU
		{1F0FE4FC-EA2F-4CB3-9509-BF98D53ACFEA}.Release|x64.ActiveCfg = Release|x64
		{1F0FE4FC-EA2F-4CB3-9509-BF98D53ACFEA}.Release|x64.Build.0 = Release|x64
		{1F0FE4FC-EA2F-4CB3-9509-BF98D53ACFEA}.Release|x86.ActiveCfg = Release|x86
		{1F0FE4FC-EA2F-4CB3-9509-BF98D53ACFEA}.Release|x86.Build.0 = Release|x86
		{5CD560DC-9E67-464D-9E56-B0E5914AFAE6}.Debug|Any CPU.ActiveCfg = Debug|Any CPU
		{5CD560DC-9E67-464D-9E56-B0E5914AFAE6}.Debug|Any CPU.Build.0 = Debug|Any CPU
		{5CD560DC-9E67-464D-9E56-B0E5914AFAE6}.Debug|x64.ActiveCfg = Debug|x64
		{5CD560DC-9E67-464D-9E56-B0E5914AFAE6}.Debug|x64.Build.0 = Debug|x64
		{5CD560DC-9E67-464D-9E56-B0E5914AFAE6}.Debug|x86.ActiveCfg = Debug|x86
		{5CD560DC-9E67-464D-9E56-B0E5914AFAE6}.Debug|x86.Build.0 = Debug|x86
		{5CD560DC-9E67-464D-9E56-B0E5914AFAE6}.Release|Any CPU.ActiveCfg = Release|Any CPU
		{5CD560DC-9E67-464D-9E56-B0E5914AFAE6}.Release|Any CPU.Build.0 = Release|Any CPU
		{5CD560DC-9E67-464D-9E56-B0E5914AFAE6}.Release|x64.ActiveCfg = Release|x64
		{5CD560DC-9E67-464D-9E56-B0E5914AFAE6}.Release|x64.Build.0 = Release|x64
		{5CD560DC-9E67-464D-9E56-B0E5914AFAE6}.Release|x86.ActiveCfg = Release|x86
		{5CD560DC-9E67-464D-9E56-B0E5914AFAE6}.Release|x86.Build.0 = Release|x86
		{125D4674-A403-45BF-A42C-EBD016A78650}.Debug|Any CPU.ActiveCfg = Debug|Any CPU
		{125D4674-A403-45BF-A42C-EBD016A78650}.Debug|Any CPU.Build.0 = Debug|Any CPU
		{125D4674-A403-45BF-A42C-EBD016A78650}.Debug|x64.ActiveCfg = Debug|x64
		{125D4674-A403-45BF-A42C-EBD016A78650}.Debug|x64.Build.0 = Debug|x64
		{125D4674-A403-45BF-A42C-EBD016A78650}.Debug|x86.ActiveCfg = Debug|x86
		{125D4674-A403-45BF-A42C-EBD016A78650}.Debug|x86.Build.0 = Debug|x86
		{125D4674-A403-45BF-A42C-EBD016A78650}.Release|Any CPU.ActiveCfg = Release|Any CPU
		{125D4674-A403-45BF-A42C-EBD016A78650}.Release|Any CPU.Build.0 = Release|Any CPU
		{125D4674-A403-45BF-A42C-EBD016A78650}.Release|x64.ActiveCfg = Release|x64
		{125D4674-A403-45BF-A42C-EBD016A78650}.Release|x64.Build.0 = Release|x64
		{125D4674-A403-45BF-A42C-EBD016A78650}.Release|x86.ActiveCfg = Release|x86
		{125D4674-A403-45BF-A42C-EBD016A78650}.Release|x86.Build.0 = Release|x86
		{0AE5B24F-51A8-43C5-A8CB-76EE0C5A0DAA}.Debug|Any CPU.ActiveCfg = Debug|Any CPU
		{0AE5B24F-51A8-43C5-A8CB-76EE0C5A0DAA}.Debug|Any CPU.Build.0 = Debug|Any CPU
		{0AE5B24F-51A8-43C5-A8CB-76EE0C5A0DAA}.Debug|x64.ActiveCfg = Debug|x64
		{0AE5B24F-51A8-43C5-A8CB-76EE0C5A0DAA}.Debug|x64.Build.0 = Debug|x64
		{0AE5B24F-51A8-43C5-A8CB-76EE0C5A0DAA}.Debug|x86.ActiveCfg = Debug|x86
		{0AE5B24F-51A8-43C5-A8CB-76EE0C5A0DAA}.Debug|x86.Build.0 = Debug|x86
		{0AE5B24F-51A8-43C5-A8CB-76EE0C5A0DAA}.Release|Any CPU.ActiveCfg = Release|Any CPU
		{0AE5B24F-51A8-43C5-A8CB-76EE0C5A0DAA}.Release|Any CPU.Build.0 = Release|Any CPU
		{0AE5B24F-51A8-43C5-A8CB-76EE0C5A0DAA}.Release|x64.ActiveCfg = Release|x64
		{0AE5B24F-51A8-43C5-A8CB-76EE0C5A0DAA}.Release|x64.Build.0 = Release|x64
		{0AE5B24F-51A8-43C5-A8CB-76EE0C5A0DAA}.Release|x86.ActiveCfg = Release|x86
		{0AE5B24F-51A8-43C5-A8CB-76EE0C5A0DAA}.Release|x86.Build.0 = Release|x86
		{2BE52F5F-A467-4C59-96B3-4779DD6407D7}.Debug|Any CPU.ActiveCfg = Debug|Any CPU
		{2BE52F5F-A467-4C59-96B3-4779DD6407D7}.Debug|Any CPU.Build.0 = Debug|Any CPU
		{2BE52F5F-A467-4C59-96B3-4779DD6407D7}.Debug|x64.ActiveCfg = Debug|x64
		{2BE52F5F-A467-4C59-96B3-4779DD6407D7}.Debug|x64.Build.0 = Debug|x64
		{2BE52F5F-A467-4C59-96B3-4779DD6407D7}.Debug|x86.ActiveCfg = Debug|x86
		{2BE52F5F-A467-4C59-96B3-4779DD6407D7}.Debug|x86.Build.0 = Debug|x86
		{2BE52F5F-A467-4C59-96B3-4779DD6407D7}.Release|Any CPU.ActiveCfg = Release|Any CPU
		{2BE52F5F-A467-4C59-96B3-4779DD6407D7}.Release|Any CPU.Build.0 = Release|Any CPU
		{2BE52F5F-A467-4C59-96B3-4779DD6407D7}.Release|x64.ActiveCfg = Release|x64
		{2BE52F5F-A467-4C59-96B3-4779DD6407D7}.Release|x64.Build.0 = Release|x64
		{2BE52F5F-A467-4C59-96B3-4779DD6407D7}.Release|x86.ActiveCfg = Release|x86
		{2BE52F5F-A467-4C59-96B3-4779DD6407D7}.Release|x86.Build.0 = Release|x86
		{55499496-529B-4BF8-BAE1-31EF46C55ADB}.Debug|Any CPU.ActiveCfg = Debug|Any CPU
		{55499496-529B-4BF8-BAE1-31EF46C55ADB}.Debug|Any CPU.Build.0 = Debug|Any CPU
		{55499496-529B-4BF8-BAE1-31EF46C55ADB}.Debug|x64.ActiveCfg = Debug|x64
		{55499496-529B-4BF8-BAE1-31EF46C55ADB}.Debug|x64.Build.0 = Debug|x64
		{55499496-529B-4BF8-BAE1-31EF46C55ADB}.Debug|x86.ActiveCfg = Debug|x86
		{55499496-529B-4BF8-BAE1-31EF46C55ADB}.Debug|x86.Build.0 = Debug|x86
		{55499496-529B-4BF8-BAE1-31EF46C55ADB}.Release|Any CPU.ActiveCfg = Release|Any CPU
		{55499496-529B-4BF8-BAE1-31EF46C55ADB}.Release|Any CPU.Build.0 = Release|Any CPU
		{55499496-529B-4BF8-BAE1-31EF46C55ADB}.Release|x64.ActiveCfg = Release|x64
		{55499496-529B-4BF8-BAE1-31EF46C55ADB}.Release|x64.Build.0 = Release|x64
		{55499496-529B-4BF8-BAE1-31EF46C55ADB}.Release|x86.ActiveCfg = Release|x86
		{55499496-529B-4BF8-BAE1-31EF46C55ADB}.Release|x86.Build.0 = Release|x86
		{8792CC4A-F274-4816-B2AC-8A5DBD4E50A0}.Debug|Any CPU.ActiveCfg = Debug|Any CPU
		{8792CC4A-F274-4816-B2AC-8A5DBD4E50A0}.Debug|Any CPU.Build.0 = Debug|Any CPU
		{8792CC4A-F274-4816-B2AC-8A5DBD4E50A0}.Debug|x64.ActiveCfg = Debug|x64
		{8792CC4A-F274-4816-B2AC-8A5DBD4E50A0}.Debug|x64.Build.0 = Debug|x64
		{8792CC4A-F274-4816-B2AC-8A5DBD4E50A0}.Debug|x86.ActiveCfg = Debug|x86
		{8792CC4A-F274-4816-B2AC-8A5DBD4E50A0}.Debug|x86.Build.0 = Debug|x86
		{8792CC4A-F274-4816-B2AC-8A5DBD4E50A0}.Release|Any CPU.ActiveCfg = Release|Any CPU
		{8792CC4A-F274-4816-B2AC-8A5DBD4E50A0}.Release|Any CPU.Build.0 = Release|Any CPU
		{8792CC4A-F274-4816-B2AC-8A5DBD4E50A0}.Release|x64.ActiveCfg = Release|x64
		{8792CC4A-F274-4816-B2AC-8A5DBD4E50A0}.Release|x64.Build.0 = Release|x64
		{8792CC4A-F274-4816-B2AC-8A5DBD4E50A0}.Release|x86.ActiveCfg = Release|x86
		{8792CC4A-F274-4816-B2AC-8A5DBD4E50A0}.Release|x86.Build.0 = Release|x86
		{5A4AEF90-CC90-4ED2-A435-99C86484666F}.Debug|Any CPU.ActiveCfg = Debug|Any CPU
		{5A4AEF90-CC90-4ED2-A435-99C86484666F}.Debug|Any CPU.Build.0 = Debug|Any CPU
		{5A4AEF90-CC90-4ED2-A435-99C86484666F}.Debug|x64.ActiveCfg = Debug|x64
		{5A4AEF90-CC90-4ED2-A435-99C86484666F}.Debug|x64.Build.0 = Debug|x64
		{5A4AEF90-CC90-4ED2-A435-99C86484666F}.Debug|x86.ActiveCfg = Debug|x86
		{5A4AEF90-CC90-4ED2-A435-99C86484666F}.Debug|x86.Build.0 = Debug|x86
		{5A4AEF90-CC90-4ED2-A435-99C86484666F}.Release|Any CPU.ActiveCfg = Release|Any CPU
		{5A4AEF90-CC90-4ED2-A435-99C86484666F}.Release|Any CPU.Build.0 = Release|Any CPU
		{5A4AEF90-CC90-4ED2-A435-99C86484666F}.Release|x64.ActiveCfg = Release|x64
		{5A4AEF90-CC90-4ED2-A435-99C86484666F}.Release|x64.Build.0 = Release|x64
		{5A4AEF90-CC90-4ED2-A435-99C86484666F}.Release|x86.ActiveCfg = Release|x86
		{5A4AEF90-CC90-4ED2-A435-99C86484666F}.Release|x86.Build.0 = Release|x86
		{7146B9A9-0E4B-4B02-8A55-E79747FEC8A4}.Debug|Any CPU.ActiveCfg = Debug|Any CPU
		{7146B9A9-0E4B-4B02-8A55-E79747FEC8A4}.Debug|Any CPU.Build.0 = Debug|Any CPU
		{7146B9A9-0E4B-4B02-8A55-E79747FEC8A4}.Debug|x64.ActiveCfg = Debug|x64
		{7146B9A9-0E4B-4B02-8A55-E79747FEC8A4}.Debug|x64.Build.0 = Debug|x64
		{7146B9A9-0E4B-4B02-8A55-E79747FEC8A4}.Debug|x86.ActiveCfg = Debug|x86
		{7146B9A9-0E4B-4B02-8A55-E79747FEC8A4}.Debug|x86.Build.0 = Debug|x86
		{7146B9A9-0E4B-4B02-8A55-E79747FEC8A4}.Release|Any CPU.ActiveCfg = Release|Any CPU
		{7146B9A9-0E4B-4B02-8A55-E79747FEC8A4}.Release|Any CPU.Build.0 = Release|Any CPU
		{7146B9A9-0E4B-4B02-8A55-E79747FEC8A4}.Release|x64.ActiveCfg = Release|x64
		{7146B9A9-0E4B-4B02-8A55-E79747FEC8A4}.Release|x64.Build.0 = Release|x64
		{7146B9A9-0E4B-4B02-8A55-E79747FEC8A4}.Release|x86.ActiveCfg = Release|x86
		{7146B9A9-0E4B-4B02-8A55-E79747FEC8A4}.Release|x86.Build.0 = Release|x86
	EndGlobalSection
	GlobalSection(SolutionProperties) = preSolution
		HideSolutionNode = FALSE
	EndGlobalSection
	GlobalSection(NestedProjects) = preSolution
		{0AE5B24F-51A8-43C5-A8CB-76EE0C5A0DAA} = {6A45CC5D-C17F-4F32-AD54-B585E1747D43}
		{2BE52F5F-A467-4C59-96B3-4779DD6407D7} = {6A45CC5D-C17F-4F32-AD54-B585E1747D43}
		{55499496-529B-4BF8-BAE1-31EF46C55ADB} = {6A45CC5D-C17F-4F32-AD54-B585E1747D43}
		{8792CC4A-F274-4816-B2AC-8A5DBD4E50A0} = {6A45CC5D-C17F-4F32-AD54-B585E1747D43}
	EndGlobalSection
EndGlobal
